
Microsoft Visual Studio Solution File, Format Version 12.00
# Visual Studio Version 16
VisualStudioVersion = 16.0.31729.503
MinimumVisualStudioVersion = 10.0.40219.1
Project("{FAE04EC0-301F-11D3-BF4B-00C04F79EFBC}") = "game", "game\game.csproj", "{655607DC-B370-437D-BAAA-96473B18F366}"
EndProject
Global
	GlobalSection(SolutionConfigurationPlatforms) = preSolution
		Debug|Any CPU = Debug|Any CPU
		Release|Any CPU = Release|Any CPU
	EndGlobalSection
	GlobalSection(ProjectConfigurationPlatforms) = postSolution
		{655607DC-B370-437D-BAAA-96473B18F366}.Debug|Any CPU.ActiveCfg = Debug|Any CPU
		{655607DC-B370-437D-BAAA-96473B18F366}.Debug|Any CPU.Build.0 = Debug|Any CPU
		{655607DC-B370-437D-BAAA-96473B18F366}.Release|Any CPU.ActiveCfg = Release|Any CPU
		{655607DC-B370-437D-BAAA-96473B18F366}.Release|Any CPU.Build.0 = Release|Any CPU
	EndGlobalSection
	GlobalSection(SolutionProperties) = preSolution
		HideSolutionNode = FALSE
	EndGlobalSection
	GlobalSection(ExtensibilityGlobals) = postSolution
		SolutionGuid = {243F46E9-BFD2-4C71-B2CE-92B64D2FFF5B}
	EndGlobalSection
EndGlobal
